{
  "name": "watchmen",
  "version": "2.5.0",
  "dependencies": {
    "async": {
      "version": "0.9.0",
      "from": "async@>=0.9.0 <0.10.0",
      "resolved": "http://registry.npmjs.org/async/-/async-0.9.0.tgz"
    },
    "aws-sdk": {
      "version": "2.1.28",
      "from": "aws-sdk@>=2.1.0 <2.2.0",
      "resolved": "http://registry.npmjs.org/aws-sdk/-/aws-sdk-2.1.28.tgz",
      "dependencies": {
        "sax": {
          "version": "0.5.3",
          "from": "sax@0.5.3",
          "resolved": "http://registry.npmjs.org/sax/-/sax-0.5.3.tgz"
        },
        "xml2js": {
          "version": "0.2.8",
          "from": "xml2js@0.2.8",
          "resolved": "http://registry.npmjs.org/xml2js/-/xml2js-0.2.8.tgz"
        },
        "xmlbuilder": {
          "version": "0.4.2",
          "from": "xmlbuilder@0.4.2",
          "resolved": "http://registry.npmjs.org/xmlbuilder/-/xmlbuilder-0.4.2.tgz"
        }
      }
    },
    "body-parser": {
      "version": "1.12.4",
      "from": "body-parser@>=1.12.0 <1.13.0",
      "resolved": "http://registry.npmjs.org/body-parser/-/body-parser-1.12.4.tgz",
      "dependencies": {
        "bytes": {
          "version": "1.0.0",
          "from": "bytes@1.0.0",
          "resolved": "http://registry.npmjs.org/bytes/-/bytes-1.0.0.tgz"
        },
        "content-type": {
          "version": "1.0.1",
          "from": "content-type@>=1.0.1 <1.1.0",
          "resolved": "https://npm.atlassian.io/content-type/-/content-type-1.0.1.tgz"
        },
        "depd": {
          "version": "1.0.1",
          "from": "depd@>=1.0.0 <1.1.0",
          "resolved": "http://registry.npmjs.org/depd/-/depd-1.0.1.tgz"
        },
        "iconv-lite": {
          "version": "0.4.8",
          "from": "iconv-lite@0.4.8",
          "resolved": "http://registry.npmjs.org/iconv-lite/-/iconv-lite-0.4.8.tgz"
        },
        "on-finished": {
          "version": "2.2.1",
          "from": "on-finished@>=2.2.1 <2.3.0",
          "resolved": "http://registry.npmjs.org/on-finished/-/on-finished-2.2.1.tgz",
          "dependencies": {
            "ee-first": {
              "version": "1.1.0",
              "from": "ee-first@1.1.0",
              "resolved": "http://registry.npmjs.org/ee-first/-/ee-first-1.1.0.tgz"
            }
          }
        },
        "qs": {
          "version": "2.4.2",
          "from": "qs@2.4.2",
          "resolved": "http://registry.npmjs.org/qs/-/qs-2.4.2.tgz"
        },
        "raw-body": {
          "version": "2.0.1",
          "from": "raw-body@>=2.0.1 <2.1.0",
          "resolved": "http://registry.npmjs.org/raw-body/-/raw-body-2.0.1.tgz",
          "dependencies": {
            "bytes": {
              "version": "2.0.1",
              "from": "bytes@2.0.1",
              "resolved": "http://registry.npmjs.org/bytes/-/bytes-2.0.1.tgz"
            }
          }
        },
        "type-is": {
          "version": "1.6.2",
          "from": "type-is@>=1.6.2 <1.7.0",
          "resolved": "http://registry.npmjs.org/type-is/-/type-is-1.6.2.tgz",
          "dependencies": {
            "media-typer": {
              "version": "0.3.0",
              "from": "media-typer@0.3.0",
              "resolved": "http://registry.npmjs.org/media-typer/-/media-typer-0.3.0.tgz"
            },
            "mime-types": {
              "version": "2.0.11",
              "from": "mime-types@>=2.0.11 <2.1.0",
              "resolved": "http://registry.npmjs.org/mime-types/-/mime-types-2.0.11.tgz",
              "dependencies": {
                "mime-db": {
                  "version": "1.9.1",
                  "from": "mime-db@>=1.9.1 <1.10.0",
                  "resolved": "http://registry.npmjs.org/mime-db/-/mime-db-1.9.1.tgz"
                }
              }
            }
          }
        }
      }
    },
    "colors": {
      "version": "1.0.3",
      "from": "colors@>=1.0.0 <1.1.0",
      "resolved": "http://registry.npmjs.org/colors/-/colors-1.0.3.tgz"
    },
    "commander": {
      "version": "2.8.1",
      "from": "commander@>=2.8.1 <3.0.0",
      "resolved": "http://registry.npmjs.org/commander/-/commander-2.8.1.tgz",
      "dependencies": {
        "graceful-readlink": {
          "version": "1.0.1",
          "from": "graceful-readlink@>=1.0.0",
          "resolved": "http://registry.npmjs.org/graceful-readlink/-/graceful-readlink-1.0.1.tgz"
        }
      }
    },
    "compression": {
      "version": "1.4.4",
      "from": "compression@>=1.4.3 <2.0.0",
      "resolved": "http://registry.npmjs.org/compression/-/compression-1.4.4.tgz",
      "dependencies": {
        "accepts": {
          "version": "1.2.7",
          "from": "accepts@>=1.2.6 <1.3.0",
          "resolved": "http://registry.npmjs.org/accepts/-/accepts-1.2.7.tgz",
          "dependencies": {
            "mime-types": {
              "version": "2.0.11",
              "from": "mime-types@>=2.0.11 <2.1.0",
              "resolved": "http://registry.npmjs.org/mime-types/-/mime-types-2.0.11.tgz",
              "dependencies": {
                "mime-db": {
                  "version": "1.9.1",
                  "from": "mime-db@>=1.9.1 <1.10.0",
                  "resolved": "http://registry.npmjs.org/mime-db/-/mime-db-1.9.1.tgz"
                }
              }
            },
            "negotiator": {
              "version": "0.5.3",
              "from": "negotiator@0.5.3",
              "resolved": "http://registry.npmjs.org/negotiator/-/negotiator-0.5.3.tgz"
            }
          }
        },
        "bytes": {
          "version": "1.0.0",
          "from": "bytes@1.0.0",
          "resolved": "http://registry.npmjs.org/bytes/-/bytes-1.0.0.tgz"
        },
        "compressible": {
          "version": "2.0.2",
          "from": "compressible@>=2.0.2 <2.1.0",
          "resolved": "https://npm.atlassian.io/compressible/-/compressible-2.0.2.tgz",
          "dependencies": {
            "mime-db": {
              "version": "1.9.1",
              "from": "mime-db@>=1.1.2 <2.0.0",
              "resolved": "http://registry.npmjs.org/mime-db/-/mime-db-1.9.1.tgz"
            }
          }
        },
        "on-headers": {
          "version": "1.0.0",
          "from": "on-headers@>=1.0.0 <1.1.0",
          "resolved": "https://registry.npmjs.org/on-headers/-/on-headers-1.0.0.tgz"
        },
        "vary": {
          "version": "1.0.0",
          "from": "vary@>=1.0.0 <1.1.0",
          "resolved": "https://registry.npmjs.org/vary/-/vary-1.0.0.tgz"
        }
      }
    },
    "concat-stream": {
      "version": "1.4.8",
      "from": "concat-stream@>=1.4.8 <2.0.0",
      "resolved": "http://registry.npmjs.org/concat-stream/-/concat-stream-1.4.8.tgz",
      "dependencies": {
        "inherits": {
          "version": "2.0.1",
          "from": "inherits@>=2.0.1 <2.1.0",
          "resolved": "http://registry.npmjs.org/inherits/-/inherits-2.0.1.tgz"
        },
        "typedarray": {
          "version": "0.0.6",
          "from": "typedarray@>=0.0.5 <0.1.0",
          "resolved": "https://registry.npmjs.org/typedarray/-/typedarray-0.0.6.tgz"
        },
        "readable-stream": {
          "version": "1.1.13",
          "from": "readable-stream@>=1.1.0 <1.2.0",
          "resolved": "https://registry.npmjs.org/readable-stream/-/readable-stream-1.1.13.tgz",
          "dependencies": {
            "core-util-is": {
              "version": "1.0.1",
              "from": "core-util-is@>=1.0.0 <1.1.0",
              "resolved": "https://registry.npmjs.org/core-util-is/-/core-util-is-1.0.1.tgz"
            },
            "isarray": {
              "version": "0.0.1",
              "from": "isarray@0.0.1",
              "resolved": "http://registry.npmjs.org/isarray/-/isarray-0.0.1.tgz"
            },
            "string_decoder": {
              "version": "0.10.31",
              "from": "string_decoder@>=0.10.0 <0.11.0",
              "resolved": "https://registry.npmjs.org/string_decoder/-/string_decoder-0.10.31.tgz"
            }
          }
        }
      }
    },
    "debug": {
      "version": "2.2.0",
      "from": "debug@>=2.1.3 <3.0.0",
      "resolved": "http://registry.npmjs.org/debug/-/debug-2.2.0.tgz",
      "dependencies": {
        "ms": {
          "version": "0.7.1",
          "from": "ms@0.7.1",
          "resolved": "http://registry.npmjs.org/ms/-/ms-0.7.1.tgz"
        }
      }
    },
    "ejs": {
      "version": "2.3.1",
      "from": "ejs@>=2.3.0 <2.4.0",
      "resolved": "https://npm.atlassian.io/ejs/-/ejs-2.3.1.tgz"
    },
    "errorhandler": {
      "version": "1.3.6",
      "from": "errorhandler@>=1.3.0 <1.4.0",
      "resolved": "http://registry.npmjs.org/errorhandler/-/errorhandler-1.3.6.tgz",
      "dependencies": {
        "accepts": {
          "version": "1.2.7",
          "from": "accepts@>=1.2.6 <1.3.0",
          "resolved": "http://registry.npmjs.org/accepts/-/accepts-1.2.7.tgz",
          "dependencies": {
            "mime-types": {
              "version": "2.0.11",
              "from": "mime-types@>=2.0.11 <2.1.0",
              "resolved": "http://registry.npmjs.org/mime-types/-/mime-types-2.0.11.tgz",
              "dependencies": {
                "mime-db": {
                  "version": "1.9.1",
                  "from": "mime-db@>=1.9.1 <1.10.0",
                  "resolved": "http://registry.npmjs.org/mime-db/-/mime-db-1.9.1.tgz"
                }
              }
            },
            "negotiator": {
              "version": "0.5.3",
              "from": "negotiator@0.5.3",
              "resolved": "http://registry.npmjs.org/negotiator/-/negotiator-0.5.3.tgz"
            }
          }
        },
        "escape-html": {
          "version": "1.0.1",
          "from": "escape-html@1.0.1",
          "resolved": "http://registry.npmjs.org/escape-html/-/escape-html-1.0.1.tgz"
        }
      }
    },
    "express": {
      "version": "4.12.3",
      "from": "express@>=4.12.0 <4.13.0",
      "resolved": "http://registry.npmjs.org/express/-/express-4.12.3.tgz",
      "dependencies": {
        "accepts": {
          "version": "1.2.7",
          "from": "accepts@>=1.2.6 <1.3.0",
          "resolved": "http://registry.npmjs.org/accepts/-/accepts-1.2.7.tgz",
          "dependencies": {
            "mime-types": {
              "version": "2.0.11",
              "from": "mime-types@>=2.0.11 <2.1.0",
              "resolved": "http://registry.npmjs.org/mime-types/-/mime-types-2.0.11.tgz",
              "dependencies": {
                "mime-db": {
                  "version": "1.9.1",
                  "from": "mime-db@>=1.9.1 <1.10.0",
                  "resolved": "http://registry.npmjs.org/mime-db/-/mime-db-1.9.1.tgz"
                }
              }
            },
            "negotiator": {
              "version": "0.5.3",
              "from": "negotiator@0.5.3",
              "resolved": "http://registry.npmjs.org/negotiator/-/negotiator-0.5.3.tgz"
            }
          }
        },
        "content-disposition": {
          "version": "0.5.0",
          "from": "content-disposition@0.5.0",
          "resolved": "http://registry.npmjs.org/content-disposition/-/content-disposition-0.5.0.tgz"
        },
        "content-type": {
          "version": "1.0.1",
          "from": "content-type@>=1.0.1 <1.1.0",
          "resolved": "https://npm.atlassian.io/content-type/-/content-type-1.0.1.tgz"
        },
        "cookie": {
          "version": "0.1.2",
          "from": "cookie@0.1.2",
          "resolved": "http://registry.npmjs.org/cookie/-/cookie-0.1.2.tgz"
        },
        "cookie-signature": {
          "version": "1.0.6",
          "from": "cookie-signature@1.0.6",
          "resolved": "http://registry.npmjs.org/cookie-signature/-/cookie-signature-1.0.6.tgz"
        },
        "debug": {
          "version": "2.1.3",
          "from": "debug@>=2.1.3 <2.2.0",
          "resolved": "http://registry.npmjs.org/debug/-/debug-2.1.3.tgz",
          "dependencies": {
            "ms": {
              "version": "0.7.0",
              "from": "ms@0.7.0",
              "resolved": "http://registry.npmjs.org/ms/-/ms-0.7.0.tgz"
            }
          }
        },
        "depd": {
          "version": "1.0.1",
          "from": "depd@>=1.0.0 <1.1.0",
          "resolved": "http://registry.npmjs.org/depd/-/depd-1.0.1.tgz"
        },
        "escape-html": {
          "version": "1.0.1",
          "from": "escape-html@1.0.1",
          "resolved": "http://registry.npmjs.org/escape-html/-/escape-html-1.0.1.tgz"
        },
        "etag": {
          "version": "1.5.1",
          "from": "etag@>=1.5.1 <1.6.0",
          "resolved": "https://npm.atlassian.io/etag/-/etag-1.5.1.tgz",
          "dependencies": {
            "crc": {
              "version": "3.2.1",
              "from": "crc@3.2.1",
              "resolved": "http://registry.npmjs.org/crc/-/crc-3.2.1.tgz"
            }
          }
        },
        "finalhandler": {
          "version": "0.3.4",
          "from": "finalhandler@0.3.4",
          "resolved": "http://registry.npmjs.org/finalhandler/-/finalhandler-0.3.4.tgz"
        },
        "fresh": {
          "version": "0.2.4",
          "from": "fresh@0.2.4",
          "resolved": "http://registry.npmjs.org/fresh/-/fresh-0.2.4.tgz"
        },
        "merge-descriptors": {
          "version": "1.0.0",
          "from": "merge-descriptors@1.0.0",
          "resolved": "http://registry.npmjs.org/merge-descriptors/-/merge-descriptors-1.0.0.tgz"
        },
        "methods": {
          "version": "1.1.1",
          "from": "methods@>=1.1.1 <1.2.0",
          "resolved": "https://npm.atlassian.io/methods/-/methods-1.1.1.tgz"
        },
        "on-finished": {
          "version": "2.2.1",
          "from": "on-finished@>=2.2.1 <2.3.0",
          "resolved": "http://registry.npmjs.org/on-finished/-/on-finished-2.2.1.tgz",
          "dependencies": {
            "ee-first": {
              "version": "1.1.0",
              "from": "ee-first@1.1.0",
              "resolved": "http://registry.npmjs.org/ee-first/-/ee-first-1.1.0.tgz"
            }
          }
        },
        "parseurl": {
          "version": "1.3.0",
          "from": "parseurl@>=1.3.0 <1.4.0",
          "resolved": "https://registry.npmjs.org/parseurl/-/parseurl-1.3.0.tgz"
        },
        "path-to-regexp": {
          "version": "0.1.3",
          "from": "path-to-regexp@0.1.3",
          "resolved": "http://registry.npmjs.org/path-to-regexp/-/path-to-regexp-0.1.3.tgz"
        },
        "proxy-addr": {
          "version": "1.0.8",
          "from": "proxy-addr@>=1.0.7 <1.1.0",
          "resolved": "http://registry.npmjs.org/proxy-addr/-/proxy-addr-1.0.8.tgz",
          "dependencies": {
            "forwarded": {
              "version": "0.1.0",
              "from": "forwarded@>=0.1.0 <0.2.0",
              "resolved": "https://registry.npmjs.org/forwarded/-/forwarded-0.1.0.tgz"
            },
            "ipaddr.js": {
              "version": "1.0.1",
              "from": "ipaddr.js@1.0.1",
              "resolved": "http://registry.npmjs.org/ipaddr.js/-/ipaddr.js-1.0.1.tgz"
            }
          }
        },
        "qs": {
          "version": "2.4.1",
          "from": "qs@2.4.1",
          "resolved": "http://registry.npmjs.org/qs/-/qs-2.4.1.tgz"
        },
        "range-parser": {
          "version": "1.0.2",
          "from": "range-parser@>=1.0.2 <1.1.0",
          "resolved": "https://registry.npmjs.org/range-parser/-/range-parser-1.0.2.tgz"
        },
        "send": {
          "version": "0.12.2",
          "from": "send@0.12.2",
          "resolved": "http://registry.npmjs.org/send/-/send-0.12.2.tgz",
          "dependencies": {
            "destroy": {
              "version": "1.0.3",
              "from": "destroy@1.0.3",
              "resolved": "http://registry.npmjs.org/destroy/-/destroy-1.0.3.tgz"
            },
            "mime": {
              "version": "1.3.4",
              "from": "mime@>=1.2.11 <2.0.0",
              "resolved": "http://registry.npmjs.org/mime/-/mime-1.3.4.tgz"
            },
            "ms": {
              "version": "0.7.0",
              "from": "ms@0.7.0",
              "resolved": "http://registry.npmjs.org/ms/-/ms-0.7.0.tgz"
            }
          }
        },
        "serve-static": {
          "version": "1.9.3",
          "from": "serve-static@>=1.9.2 <1.10.0",
          "resolved": "http://registry.npmjs.org/serve-static/-/serve-static-1.9.3.tgz",
          "dependencies": {
            "send": {
              "version": "0.12.3",
              "from": "send@0.12.3",
              "resolved": "http://registry.npmjs.org/send/-/send-0.12.3.tgz",
              "dependencies": {
                "debug": {
                  "version": "2.2.0",
                  "from": "debug@>=2.2.0 <2.3.0",
                  "resolved": "http://registry.npmjs.org/debug/-/debug-2.2.0.tgz"
                },
                "destroy": {
                  "version": "1.0.3",
                  "from": "destroy@1.0.3",
                  "resolved": "http://registry.npmjs.org/destroy/-/destroy-1.0.3.tgz"
                },
                "etag": {
                  "version": "1.6.0",
                  "from": "etag@>=1.6.0 <1.7.0",
                  "resolved": "http://registry.npmjs.org/etag/-/etag-1.6.0.tgz",
                  "dependencies": {
                    "crc": {
                      "version": "3.2.1",
                      "from": "crc@3.2.1",
                      "resolved": "http://registry.npmjs.org/crc/-/crc-3.2.1.tgz"
                    }
                  }
                },
                "mime": {
                  "version": "1.3.4",
                  "from": "mime@>=1.2.11 <2.0.0",
                  "resolved": "http://registry.npmjs.org/mime/-/mime-1.3.4.tgz"
                },
                "ms": {
                  "version": "0.7.1",
                  "from": "ms@0.7.1",
                  "resolved": "http://registry.npmjs.org/ms/-/ms-0.7.1.tgz"
                }
              }
            }
          }
        },
        "type-is": {
          "version": "1.6.2",
          "from": "type-is@>=1.6.2 <1.7.0",
          "resolved": "http://registry.npmjs.org/type-is/-/type-is-1.6.2.tgz",
          "dependencies": {
            "media-typer": {
              "version": "0.3.0",
              "from": "media-typer@0.3.0",
              "resolved": "http://registry.npmjs.org/media-typer/-/media-typer-0.3.0.tgz"
            },
            "mime-types": {
              "version": "2.0.11",
              "from": "mime-types@>=2.0.11 <2.1.0",
              "resolved": "http://registry.npmjs.org/mime-types/-/mime-types-2.0.11.tgz",
              "dependencies": {
                "mime-db": {
                  "version": "1.9.1",
                  "from": "mime-db@>=1.9.1 <1.10.0",
                  "resolved": "http://registry.npmjs.org/mime-db/-/mime-db-1.9.1.tgz"
                }
              }
            }
          }
        },
        "vary": {
          "version": "1.0.0",
          "from": "vary@>=1.0.0 <1.1.0",
          "resolved": "https://registry.npmjs.org/vary/-/vary-1.0.0.tgz"
        },
        "utils-merge": {
          "version": "1.0.0",
          "from": "utils-merge@1.0.0",
          "resolved": "http://registry.npmjs.org/utils-merge/-/utils-merge-1.0.0.tgz"
        }
      }
    },
    "express-ejs-layouts": {
      "version": "1.1.0",
      "from": "express-ejs-layouts@>=1.1.0 <1.2.0",
      "resolved": "https://npm.atlassian.io/express-ejs-layouts/-/express-ejs-layouts-1.1.0.tgz"
    },
    "express-session": {
      "version": "1.10.4",
      "from": "express-session@>=1.10.0 <1.11.0",
      "resolved": "http://registry.npmjs.org/express-session/-/express-session-1.10.4.tgz",
      "dependencies": {
        "cookie": {
          "version": "0.1.2",
          "from": "cookie@0.1.2",
          "resolved": "http://registry.npmjs.org/cookie/-/cookie-0.1.2.tgz"
        },
        "cookie-signature": {
          "version": "1.0.6",
          "from": "cookie-signature@1.0.6",
          "resolved": "http://registry.npmjs.org/cookie-signature/-/cookie-signature-1.0.6.tgz"
        },
        "crc": {
          "version": "3.2.1",
          "from": "crc@3.2.1",
          "resolved": "http://registry.npmjs.org/crc/-/crc-3.2.1.tgz"
        },
        "debug": {
          "version": "2.1.3",
          "from": "debug@>=2.1.3 <2.2.0",
          "resolved": "http://registry.npmjs.org/debug/-/debug-2.1.3.tgz",
          "dependencies": {
            "ms": {
              "version": "0.7.0",
              "from": "ms@0.7.0",
              "resolved": "http://registry.npmjs.org/ms/-/ms-0.7.0.tgz"
            }
          }
        },
        "depd": {
          "version": "1.0.1",
          "from": "depd@>=1.0.0 <1.1.0",
          "resolved": "http://registry.npmjs.org/depd/-/depd-1.0.1.tgz"
        },
        "on-headers": {
          "version": "1.0.0",
          "from": "on-headers@>=1.0.0 <1.1.0",
          "resolved": "https://registry.npmjs.org/on-headers/-/on-headers-1.0.0.tgz"
        },
        "parseurl": {
          "version": "1.3.0",
          "from": "parseurl@>=1.3.0 <1.4.0",
          "resolved": "https://registry.npmjs.org/parseurl/-/parseurl-1.3.0.tgz"
        },
        "uid-safe": {
          "version": "1.1.0",
          "from": "uid-safe@1.1.0",
          "resolved": "http://registry.npmjs.org/uid-safe/-/uid-safe-1.1.0.tgz",
          "dependencies": {
            "base64-url": {
              "version": "1.2.1",
              "from": "base64-url@1.2.1",
              "resolved": "http://registry.npmjs.org/base64-url/-/base64-url-1.2.1.tgz"
            },
            "native-or-bluebird": {
              "version": "1.1.2",
              "from": "native-or-bluebird@>=1.1.2 <1.2.0",
              "resolved": "https://npm.atlassian.io/native-or-bluebird/-/native-or-bluebird-1.1.2.tgz"
            }
          }
        },
        "utils-merge": {
          "version": "1.0.0",
          "from": "utils-merge@1.0.0",
          "resolved": "http://registry.npmjs.org/utils-merge/-/utils-merge-1.0.0.tgz"
        }
      }
    },
    "lodash": {
      "version": "3.8.0",
      "from": "lodash@>=3.6.0 <4.0.0",
      "resolved": "http://registry.npmjs.org/lodash/-/lodash-3.8.0.tgz"
    },
    "method-override": {
      "version": "2.3.3",
      "from": "method-override@>=2.3.0 <2.4.0",
      "resolved": "http://registry.npmjs.org/method-override/-/method-override-2.3.3.tgz",
      "dependencies": {
        "methods": {
          "version": "1.1.1",
          "from": "methods@>=1.1.1 <1.2.0",
          "resolved": "https://npm.atlassian.io/methods/-/methods-1.1.1.tgz"
        },
        "parseurl": {
          "version": "1.3.0",
          "from": "parseurl@>=1.3.0 <1.4.0",
          "resolved": "https://registry.npmjs.org/parseurl/-/parseurl-1.3.0.tgz"
        },
        "vary": {
          "version": "1.0.0",
          "from": "vary@>=1.0.0 <1.1.0",
          "resolved": "https://registry.npmjs.org/vary/-/vary-1.0.0.tgz"
        }
      }
    },
    "moment": {
      "version": "2.9.0",
      "from": "moment@>=2.9.0 <2.10.0",
      "resolved": "http://registry.npmjs.org/moment/-/moment-2.9.0.tgz"
    },
    "passport": {
      "version": "0.2.1",
      "from": "passport@>=0.2.0 <0.3.0",
      "resolved": "https://registry.npmjs.org/passport/-/passport-0.2.1.tgz",
      "dependencies": {
        "passport-strategy": {
          "version": "1.0.0",
          "from": "passport-strategy@>=1.0.0 <2.0.0",
          "resolved": "https://registry.npmjs.org/passport-strategy/-/passport-strategy-1.0.0.tgz"
        },
        "pause": {
          "version": "0.0.1",
          "from": "pause@0.0.1",
          "resolved": "http://registry.npmjs.org/pause/-/pause-0.0.1.tgz"
        }
      }
    },
    "passport-google-oauth2": {
      "version": "0.1.6",
      "from": "passport-google-oauth2@>=0.1.0 <0.2.0",
      "resolved": "http://registry.npmjs.org/passport-google-oauth2/-/passport-google-oauth2-0.1.6.tgz",
      "dependencies": {
        "passport-oauth2": {
          "version": "1.1.2",
          "from": "passport-oauth2@>=1.1.2 <2.0.0",
          "resolved": "http://registry.npmjs.org/passport-oauth2/-/passport-oauth2-1.1.2.tgz",
          "dependencies": {
            "passport-strategy": {
              "version": "1.0.0",
              "from": "passport-strategy@>=1.0.0 <2.0.0",
              "resolved": "https://registry.npmjs.org/passport-strategy/-/passport-strategy-1.0.0.tgz"
            },
            "oauth": {
              "version": "0.9.13",
              "from": "oauth@>=0.9.0 <0.10.0",
              "resolved": "http://registry.npmjs.org/oauth/-/oauth-0.9.13.tgz"
            },
            "uid2": {
              "version": "0.0.3",
              "from": "uid2@>=0.0.0 <0.1.0",
              "resolved": "https://registry.npmjs.org/uid2/-/uid2-0.0.3.tgz"
            }
          }
        }
      }
    },
    "postmark": {
      "version": "1.0.0",
      "from": "postmark@>=1.0.0 <1.1.0",
      "resolved": "http://registry.npmjs.org/postmark/-/postmark-1.0.0.tgz",
      "dependencies": {
        "git-rev": {
          "version": "0.2.1",
          "from": "git-rev@0.2.1",
          "resolved": "http://registry.npmjs.org/git-rev/-/git-rev-0.2.1.tgz"
        },
        "merge": {
          "version": "1.2.0",
          "from": "merge@1.2.0",
          "resolved": "http://registry.npmjs.org/merge/-/merge-1.2.0.tgz"
        }
      }
    },
    "q": {
      "version": "1.4.0",
      "from": "q@>=1.3.0 <2.0.0",
      "resolved": "http://registry.npmjs.org/q/-/q-1.4.0.tgz"
    },
    "redis": {
      "version": "0.12.1",
      "from": "redis@>=0.12.0 <0.13.0",
      "resolved": "https://registry.npmjs.org/redis/-/redis-0.12.1.tgz"
    },
    "request": {
      "version": "2.55.0",
      "from": "request@>=2.55.0 <3.0.0",
      "resolved": "http://registry.npmjs.org/request/-/request-2.55.0.tgz",
      "dependencies": {
        "bl": {
          "version": "0.9.4",
          "from": "bl@>=0.9.0 <0.10.0",
          "resolved": "https://npm.atlassian.io/bl/-/bl-0.9.4.tgz",
          "dependencies": {
            "readable-stream": {
              "version": "1.0.33",
              "from": "readable-stream@>=1.0.26 <1.1.0",
              "resolved": "https://npm.atlassian.io/readable-stream/-/readable-stream-1.0.33.tgz",
              "dependencies": {
                "core-util-is": {
                  "version": "1.0.1",
                  "from": "core-util-is@>=1.0.0 <1.1.0",
                  "resolved": "https://registry.npmjs.org/core-util-is/-/core-util-is-1.0.1.tgz"
                },
                "isarray": {
                  "version": "0.0.1",
                  "from": "isarray@0.0.1",
                  "resolved": "http://registry.npmjs.org/isarray/-/isarray-0.0.1.tgz"
                },
                "string_decoder": {
                  "version": "0.10.31",
                  "from": "string_decoder@>=0.10.0 <0.11.0",
                  "resolved": "https://registry.npmjs.org/string_decoder/-/string_decoder-0.10.31.tgz"
                },
                "inherits": {
                  "version": "2.0.1",
                  "from": "inherits@>=2.0.1 <2.1.0",
                  "resolved": "http://registry.npmjs.org/inherits/-/inherits-2.0.1.tgz"
                }
              }
            }
          }
        },
        "caseless": {
          "version": "0.9.0",
          "from": "caseless@>=0.9.0 <0.10.0",
          "resolved": "https://npm.atlassian.io/caseless/-/caseless-0.9.0.tgz"
        },
        "forever-agent": {
          "version": "0.6.1",
          "from": "forever-agent@>=0.6.0 <0.7.0",
          "resolved": "http://registry.npmjs.org/forever-agent/-/forever-agent-0.6.1.tgz"
        },
        "form-data": {
          "version": "0.2.0",
          "from": "form-data@>=0.2.0 <0.3.0",
          "resolved": "https://npm.atlassian.io/form-data/-/form-data-0.2.0.tgz"
        },
        "json-stringify-safe": {
          "version": "5.0.0",
          "from": "json-stringify-safe@>=5.0.0 <5.1.0",
          "resolved": "https://registry.npmjs.org/json-stringify-safe/-/json-stringify-safe-5.0.0.tgz"
        },
        "mime-types": {
          "version": "2.0.11",
          "from": "mime-types@>=2.0.11 <2.1.0",
          "resolved": "http://registry.npmjs.org/mime-types/-/mime-types-2.0.11.tgz",
          "dependencies": {
            "mime-db": {
              "version": "1.9.1",
              "from": "mime-db@>=1.1.2 <2.0.0",
              "resolved": "http://registry.npmjs.org/mime-db/-/mime-db-1.9.1.tgz"
            }
          }
        },
        "node-uuid": {
          "version": "1.4.3",
          "from": "node-uuid@>=1.4.0 <1.5.0",
          "resolved": "https://npm.atlassian.io/node-uuid/-/node-uuid-1.4.3.tgz"
        },
        "qs": {
          "version": "2.4.2",
          "from": "qs@2.4.2",
          "resolved": "http://registry.npmjs.org/qs/-/qs-2.4.2.tgz"
        },
        "tunnel-agent": {
          "version": "0.4.0",
          "from": "tunnel-agent@>=0.4.0 <0.5.0",
          "resolved": "https://registry.npmjs.org/tunnel-agent/-/tunnel-agent-0.4.0.tgz"
        },
        "tough-cookie": {
          "version": "1.1.0",
          "from": "tough-cookie@>=0.12.0",
          "resolved": "http://registry.npmjs.org/tough-cookie/-/tough-cookie-1.1.0.tgz"
        },
        "http-signature": {
          "version": "0.10.1",
          "from": "http-signature@>=0.10.0 <0.11.0",
          "resolved": "https://npm.atlassian.io/http-signature/-/http-signature-0.10.1.tgz",
          "dependencies": {
            "assert-plus": {
              "version": "0.1.5",
              "from": "assert-plus@>=0.1.5 <0.2.0",
              "resolved": "https://npm.atlassian.io/assert-plus/-/assert-plus-0.1.5.tgz"
            },
            "asn1": {
              "version": "0.1.11",
              "from": "asn1@0.1.11",
              "resolved": "http://registry.npmjs.org/asn1/-/asn1-0.1.11.tgz"
            },
            "ctype": {
              "version": "0.5.3",
              "from": "ctype@0.5.3",
              "resolved": "http://registry.npmjs.org/ctype/-/ctype-0.5.3.tgz"
            }
          }
        },
        "oauth-sign": {
          "version": "0.6.0",
          "from": "oauth-sign@>=0.6.0 <0.7.0",
          "resolved": "https://npm.atlassian.io/oauth-sign/-/oauth-sign-0.6.0.tgz"
        },
        "hawk": {
          "version": "2.3.1",
          "from": "hawk@>=2.3.0 <2.4.0",
          "resolved": "https://npm.atlassian.io/hawk/-/hawk-2.3.1.tgz",
          "dependencies": {
            "hoek": {
              "version": "2.13.0",
              "from": "hoek@>=2.0.0 <3.0.0",
              "resolved": "http://registry.npmjs.org/hoek/-/hoek-2.13.0.tgz"
            },
            "boom": {
              "version": "2.7.1",
              "from": "boom@>=2.0.0 <3.0.0",
              "resolved": "http://registry.npmjs.org/boom/-/boom-2.7.1.tgz"
            },
            "cryptiles": {
              "version": "2.0.4",
              "from": "cryptiles@>=2.0.0 <3.0.0",
              "resolved": "https://npm.atlassian.io/cryptiles/-/cryptiles-2.0.4.tgz"
            },
            "sntp": {
              "version": "1.0.9",
              "from": "sntp@>=1.0.0 <2.0.0",
              "resolved": "https://npm.atlassian.io/sntp/-/sntp-1.0.9.tgz"
            }
          }
        },
        "aws-sign2": {
          "version": "0.5.0",
          "from": "aws-sign2@>=0.5.0 <0.6.0",
          "resolved": "https://registry.npmjs.org/aws-sign2/-/aws-sign2-0.5.0.tgz"
        },
        "stringstream": {
          "version": "0.0.4",
          "from": "stringstream@>=0.0.4 <0.1.0",
          "resolved": "https://npm.atlassian.io/stringstream/-/stringstream-0.0.4.tgz"
        },
        "combined-stream": {
          "version": "0.0.7",
          "from": "combined-stream@>=0.0.5 <0.1.0",
          "resolved": "https://npm.atlassian.io/combined-stream/-/combined-stream-0.0.7.tgz",
          "dependencies": {
            "delayed-stream": {
              "version": "0.0.5",
              "from": "delayed-stream@0.0.5",
              "resolved": "http://registry.npmjs.org/delayed-stream/-/delayed-stream-0.0.5.tgz"
            }
          }
        },
        "isstream": {
          "version": "0.1.2",
          "from": "isstream@>=0.1.1 <0.2.0",
          "resolved": "https://npm.atlassian.io/isstream/-/isstream-0.1.2.tgz"
        },
        "har-validator": {
          "version": "1.7.0",
          "from": "har-validator@>=1.4.0 <2.0.0",
          "resolved": "http://registry.npmjs.org/har-validator/-/har-validator-1.7.0.tgz",
          "dependencies": {
            "bluebird": {
              "version": "2.9.25",
              "from": "bluebird@>=2.9.25 <3.0.0",
              "resolved": "http://registry.npmjs.org/bluebird/-/bluebird-2.9.25.tgz"
            },
            "chalk": {
              "version": "1.0.0",
              "from": "chalk@>=1.0.0 <2.0.0",
              "resolved": "http://registry.npmjs.org/chalk/-/chalk-1.0.0.tgz",
              "dependencies": {
                "ansi-styles": {
                  "version": "2.0.1",
                  "from": "ansi-styles@>=2.0.1 <3.0.0",
                  "resolved": "http://registry.npmjs.org/ansi-styles/-/ansi-styles-2.0.1.tgz"
                },
                "escape-string-regexp": {
                  "version": "1.0.3",
                  "from": "escape-string-regexp@>=1.0.2 <2.0.0",
                  "resolved": "https://npm.atlassian.io/escape-string-regexp/-/escape-string-regexp-1.0.3.tgz"
                },
                "has-ansi": {
                  "version": "1.0.3",
                  "from": "has-ansi@>=1.0.3 <2.0.0",
                  "resolved": "http://registry.npmjs.org/has-ansi/-/has-ansi-1.0.3.tgz",
                  "dependencies": {
                    "ansi-regex": {
                      "version": "1.1.1",
                      "from": "ansi-regex@>=1.1.0 <2.0.0",
                      "resolved": "https://npm.atlassian.io/ansi-regex/-/ansi-regex-1.1.1.tgz"
                    },
                    "get-stdin": {
                      "version": "4.0.1",
                      "from": "get-stdin@>=4.0.1 <5.0.0",
                      "resolved": "https://npm.atlassian.io/get-stdin/-/get-stdin-4.0.1.tgz"
                    }
                  }
                },
                "strip-ansi": {
                  "version": "2.0.1",
                  "from": "strip-ansi@>=2.0.1 <3.0.0",
                  "resolved": "https://npm.atlassian.io/strip-ansi/-/strip-ansi-2.0.1.tgz",
                  "dependencies": {
                    "ansi-regex": {
                      "version": "1.1.1",
                      "from": "ansi-regex@>=1.0.0 <2.0.0",
                      "resolved": "https://npm.atlassian.io/ansi-regex/-/ansi-regex-1.1.1.tgz"
                    }
                  }
                },
                "supports-color": {
                  "version": "1.3.1",
                  "from": "supports-color@>=1.3.0 <2.0.0",
                  "resolved": "http://registry.npmjs.org/supports-color/-/supports-color-1.3.1.tgz"
                }
              }
            },
            "is-my-json-valid": {
              "version": "2.12.0",
              "from": "is-my-json-valid@>=2.10.1 <3.0.0",
              "resolved": "http://registry.npmjs.org/is-my-json-valid/-/is-my-json-valid-2.12.0.tgz",
              "dependencies": {
                "generate-function": {
                  "version": "2.0.0",
                  "from": "generate-function@>=2.0.0 <3.0.0",
                  "resolved": "http://registry.npmjs.org/generate-function/-/generate-function-2.0.0.tgz"
                },
                "generate-object-property": {
                  "version": "1.1.1",
                  "from": "generate-object-property@>=1.1.0 <2.0.0",
                  "resolved": "http://registry.npmjs.org/generate-object-property/-/generate-object-property-1.1.1.tgz",
                  "dependencies": {
                    "is-property": {
                      "version": "1.0.2",
                      "from": "is-property@>=1.0.0 <2.0.0",
                      "resolved": "http://registry.npmjs.org/is-property/-/is-property-1.0.2.tgz"
                    }
                  }
                },
                "jsonpointer": {
                  "version": "1.1.0",
                  "from": "jsonpointer@>=1.1.0 <2.0.0",
                  "resolved": "http://registry.npmjs.org/jsonpointer/-/jsonpointer-1.1.0.tgz"
                },
                "xtend": {
                  "version": "4.0.0",
                  "from": "xtend@>=4.0.0 <5.0.0",
                  "resolved": "https://registry.npmjs.org/xtend/-/xtend-4.0.0.tgz"
                }
              }
            }
          }
        }
      }
    },
    "shortid": {
      "version": "2.2.2",
      "from": "shortid@>=2.2.2 <3.0.0",
      "resolved": "http://registry.npmjs.org/shortid/-/shortid-2.2.2.tgz"
    },
    "stream-spigot": {
      "version": "3.0.5",
      "from": "stream-spigot@>=3.0.5 <4.0.0",
      "resolved": "http://registry.npmjs.org/stream-spigot/-/stream-spigot-3.0.5.tgz",
      "dependencies": {
        "readable-stream": {
          "version": "1.1.13",
          "from": "readable-stream@>=1.1.0 <1.2.0",
          "resolved": "https://registry.npmjs.org/readable-stream/-/readable-stream-1.1.13.tgz",
          "dependencies": {
            "core-util-is": {
              "version": "1.0.1",
              "from": "core-util-is@>=1.0.0 <1.1.0",
              "resolved": "https://registry.npmjs.org/core-util-is/-/core-util-is-1.0.1.tgz"
            },
            "isarray": {
              "version": "0.0.1",
              "from": "isarray@0.0.1",
              "resolved": "http://registry.npmjs.org/isarray/-/isarray-0.0.1.tgz"
            },
            "string_decoder": {
              "version": "0.10.31",
              "from": "string_decoder@>=0.10.0 <0.11.0",
              "resolved": "https://registry.npmjs.org/string_decoder/-/string_decoder-0.10.31.tgz"
            },
            "inherits": {
              "version": "2.0.1",
              "from": "inherits@>=2.0.1 <2.1.0",
              "resolved": "http://registry.npmjs.org/inherits/-/inherits-2.0.1.tgz"
            }
          }
        },
        "xtend": {
          "version": "4.0.0",
          "from": "xtend@>=4.0.0 <4.1.0-0",
          "resolved": "https://registry.npmjs.org/xtend/-/xtend-4.0.0.tgz"
        }
      }
    },
    "timestream-aggregates": {
      "version": "0.1.7",
      "from": "timestream-aggregates@>=0.1.7 <0.2.0",
      "resolved": "http://registry.npmjs.org/timestream-aggregates/-/timestream-aggregates-0.1.7.tgz",
      "dependencies": {
        "array-pivot": {
          "version": "1.0.1",
          "from": "array-pivot@>=1.0.1 <1.1.0",
          "resolved": "http://registry.npmjs.org/array-pivot/-/array-pivot-1.0.1.tgz"
        },
        "stats-lite": {
          "version": "1.0.3",
          "from": "stats-lite@>=1.0.3 <1.1.0",
          "resolved": "http://registry.npmjs.org/stats-lite/-/stats-lite-1.0.3.tgz"
        },
        "stream-splice": {
          "version": "1.0.9",
          "from": "stream-splice@>=1.0.9 <1.1.0",
          "resolved": "http://registry.npmjs.org/stream-splice/-/stream-splice-1.0.9.tgz",
          "dependencies": {
            "readable-stream": {
              "version": "1.0.33",
              "from": "readable-stream@>=1.0.33 <1.1.0",
              "resolved": "https://npm.atlassian.io/readable-stream/-/readable-stream-1.0.33.tgz",
              "dependencies": {
                "core-util-is": {
                  "version": "1.0.1",
                  "from": "core-util-is@>=1.0.0 <1.1.0",
                  "resolved": "https://registry.npmjs.org/core-util-is/-/core-util-is-1.0.1.tgz"
                },
                "isarray": {
                  "version": "0.0.1",
                  "from": "isarray@0.0.1",
                  "resolved": "http://registry.npmjs.org/isarray/-/isarray-0.0.1.tgz"
                },
                "string_decoder": {
                  "version": "0.10.31",
                  "from": "string_decoder@>=0.10.0 <0.11.0",
                  "resolved": "https://registry.npmjs.org/string_decoder/-/string_decoder-0.10.31.tgz"
                },
                "inherits": {
                  "version": "2.0.1",
                  "from": "inherits@>=2.0.1 <2.1.0",
                  "resolved": "http://registry.npmjs.org/inherits/-/inherits-2.0.1.tgz"
                }
              }
            }
          }
        },
        "floordate": {
          "version": "2.0.0",
          "from": "floordate@>=2.0.0 <2.1.0",
          "resolved": "http://registry.npmjs.org/floordate/-/floordate-2.0.0.tgz"
        },
        "through2": {
          "version": "0.6.5",
          "from": "through2@>=0.6.3 <0.7.0",
          "resolved": "http://registry.npmjs.org/through2/-/through2-0.6.5.tgz",
          "dependencies": {
            "readable-stream": {
              "version": "1.0.33",
              "from": "readable-stream@>=1.0.33 <1.1.0",
              "resolved": "https://npm.atlassian.io/readable-stream/-/readable-stream-1.0.33.tgz",
              "dependencies": {
                "core-util-is": {
                  "version": "1.0.1",
                  "from": "core-util-is@>=1.0.0 <1.1.0",
                  "resolved": "https://registry.npmjs.org/core-util-is/-/core-util-is-1.0.1.tgz"
                },
                "isarray": {
                  "version": "0.0.1",
                  "from": "isarray@0.0.1",
                  "resolved": "http://registry.npmjs.org/isarray/-/isarray-0.0.1.tgz"
                },
                "string_decoder": {
                  "version": "0.10.31",
                  "from": "string_decoder@>=0.10.0 <0.11.0",
                  "resolved": "https://registry.npmjs.org/string_decoder/-/string_decoder-0.10.31.tgz"
                },
                "inherits": {
                  "version": "2.0.1",
                  "from": "inherits@>=2.0.1 <2.1.0",
                  "resolved": "http://registry.npmjs.org/inherits/-/inherits-2.0.1.tgz"
                }
              }
            },
            "xtend": {
              "version": "4.0.0",
              "from": "xtend@>=4.0.0 <4.1.0-0",
              "resolved": "https://registry.npmjs.org/xtend/-/xtend-4.0.0.tgz"
            }
          }
        },
        "through2-map": {
          "version": "1.4.0",
          "from": "through2-map@>=1.4.0 <1.5.0",
          "resolved": "http://registry.npmjs.org/through2-map/-/through2-map-1.4.0.tgz",
          "dependencies": {
            "terminus": {
              "version": "1.0.11",
              "from": "terminus@>=1.0.10 <1.1.0",
              "resolved": "http://registry.npmjs.org/terminus/-/terminus-1.0.11.tgz",
              "dependencies": {
                "readable-stream": {
                  "version": "1.0.33",
                  "from": "readable-stream@>=1.0.33-1 <1.1.0-0",
                  "resolved": "https://npm.atlassian.io/readable-stream/-/readable-stream-1.0.33.tgz",
                  "dependencies": {
                    "core-util-is": {
                      "version": "1.0.1",
                      "from": "core-util-is@>=1.0.0 <1.1.0",
                      "resolved": "https://registry.npmjs.org/core-util-is/-/core-util-is-1.0.1.tgz"
                    },
                    "isarray": {
                      "version": "0.0.1",
                      "from": "isarray@0.0.1",
                      "resolved": "http://registry.npmjs.org/isarray/-/isarray-0.0.1.tgz"
                    },
                    "string_decoder": {
                      "version": "0.10.31",
                      "from": "string_decoder@>=0.10.0 <0.11.0",
                      "resolved": "https://registry.npmjs.org/string_decoder/-/string_decoder-0.10.31.tgz"
                    },
                    "inherits": {
                      "version": "2.0.1",
                      "from": "inherits@>=2.0.1 <2.1.0",
                      "resolved": "http://registry.npmjs.org/inherits/-/inherits-2.0.1.tgz"
                    }
                  }
                },
                "xtend": {
                  "version": "4.0.0",
                  "from": "xtend@>=4.0.0 <4.1.0",
                  "resolved": "https://registry.npmjs.org/xtend/-/xtend-4.0.0.tgz"
                }
              }
            },
            "through2": {
              "version": "0.5.1",
              "from": "through2@>=0.5.1 <0.6.0",
              "resolved": "https://registry.npmjs.org/through2/-/through2-0.5.1.tgz",
              "dependencies": {
                "readable-stream": {
                  "version": "1.0.33",
                  "from": "readable-stream@>=1.0.33-1 <1.1.0-0",
                  "resolved": "https://npm.atlassian.io/readable-stream/-/readable-stream-1.0.33.tgz",
                  "dependencies": {
                    "core-util-is": {
                      "version": "1.0.1",
                      "from": "core-util-is@>=1.0.0 <1.1.0",
                      "resolved": "https://registry.npmjs.org/core-util-is/-/core-util-is-1.0.1.tgz"
                    },
                    "isarray": {
                      "version": "0.0.1",
                      "from": "isarray@0.0.1",
                      "resolved": "http://registry.npmjs.org/isarray/-/isarray-0.0.1.tgz"
                    },
                    "string_decoder": {
                      "version": "0.10.31",
                      "from": "string_decoder@>=0.10.0 <0.11.0",
                      "resolved": "https://registry.npmjs.org/string_decoder/-/string_decoder-0.10.31.tgz"
                    },
                    "inherits": {
                      "version": "2.0.1",
                      "from": "inherits@>=2.0.0 <3.0.0",
                      "resolved": "http://registry.npmjs.org/inherits/-/inherits-2.0.1.tgz"
                    }
                  }
                }
              }
            },
            "xtend": {
              "version": "3.0.0",
              "from": "xtend@>=3.0.0 <4.0.0",
              "resolved": "https://registry.npmjs.org/xtend/-/xtend-3.0.0.tgz"
            }
          }
        },
        "isnumber": {
          "version": "1.0.0",
          "from": "isnumber@>=1.0.0 <1.1.0",
          "resolved": "http://registry.npmjs.org/isnumber/-/isnumber-1.0.0.tgz"
        }
      }
    },
    "validator": {
      "version": "3.39.0",
      "from": "validator@>=3.39.0 <4.0.0",
      "resolved": "http://registry.npmjs.org/validator/-/validator-3.39.0.tgz"
    }
  }
}
